// !$*UTF8*$!
{
	archiveVersion = 1;
	classes = {
	};
	objectVersion = 56;
	objects = {

/* Begin PBXBuildFile section */
		06204527294F8EF500362A9F /* MainListTableViewController.swift in Sources */ = {isa = PBXBuildFile; fileRef = 06204526294F8EF500362A9F /* MainListTableViewController.swift */; };
		06204529294F8F0800362A9F /* DetailListTableViewController.swift in Sources */ = {isa = PBXBuildFile; fileRef = 06204528294F8F0800362A9F /* DetailListTableViewController.swift */; };
		0620452C294F9A4200362A9F /* DataStore.swift in Sources */ = {isa = PBXBuildFile; fileRef = 0620452B294F9A4200362A9F /* DataStore.swift */; };
		0620452F294F9CB200362A9F /* Person.swift in Sources */ = {isa = PBXBuildFile; fileRef = 0620452E294F9CB200362A9F /* Person.swift */; };
		06204531294FA68700362A9F /* FullInfoViewController.swift in Sources */ = {isa = PBXBuildFile; fileRef = 06204530294FA68700362A9F /* FullInfoViewController.swift */; };
		06CDB22B294F8A02005A0EA8 /* AppDelegate.swift in Sources */ = {isa = PBXBuildFile; fileRef = 06CDB22A294F8A02005A0EA8 /* AppDelegate.swift */; };
		06CDB22D294F8A02005A0EA8 /* SceneDelegate.swift in Sources */ = {isa = PBXBuildFile; fileRef = 06CDB22C294F8A02005A0EA8 /* SceneDelegate.swift */; };
		06CDB232294F8A02005A0EA8 /* Main.storyboard in Resources */ = {isa = PBXBuildFile; fileRef = 06CDB230294F8A02005A0EA8 /* Main.storyboard */; };
		06CDB234294F8A03005A0EA8 /* Assets.xcassets in Resources */ = {isa = PBXBuildFile; fileRef = 06CDB233294F8A03005A0EA8 /* Assets.xcassets */; };
		06CDB237294F8A03005A0EA8 /* LaunchScreen.storyboard in Resources */ = {isa = PBXBuildFile; fileRef = 06CDB235294F8A03005A0EA8 /* LaunchScreen.storyboard */; };
/* End PBXBuildFile section */

/* Begin PBXFileReference section */
		06204526294F8EF500362A9F /* MainListTableViewController.swift */ = {isa = PBXFileReference; lastKnownFileType = sourcecode.swift; path = MainListTableViewController.swift; sourceTree = "<group>"; };
		06204528294F8F0800362A9F /* DetailListTableViewController.swift */ = {isa = PBXFileReference; lastKnownFileType = sourcecode.swift; path = DetailListTableViewController.swift; sourceTree = "<group>"; };
		0620452B294F9A4200362A9F /* DataStore.swift */ = {isa = PBXFileReference; lastKnownFileType = sourcecode.swift; path = DataStore.swift; sourceTree = "<group>"; };
		0620452E294F9CB200362A9F /* Person.swift */ = {isa = PBXFileReference; lastKnownFileType = sourcecode.swift; path = Person.swift; sourceTree = "<group>"; };
		06204530294FA68700362A9F /* FullInfoViewController.swift */ = {isa = PBXFileReference; lastKnownFileType = sourcecode.swift; path = FullInfoViewController.swift; sourceTree = "<group>"; };
		06CDB227294F8A02005A0EA8 /* ContactList.app */ = {isa = PBXFileReference; explicitFileType = wrapper.application; includeInIndex = 0; path = ContactList.app; sourceTree = BUILT_PRODUCTS_DIR; };
		06CDB22A294F8A02005A0EA8 /* AppDelegate.swift */ = {isa = PBXFileReference; lastKnownFileType = sourcecode.swift; path = AppDelegate.swift; sourceTree = "<group>"; };
		06CDB22C294F8A02005A0EA8 /* SceneDelegate.swift */ = {isa = PBXFileReference; lastKnownFileType = sourcecode.swift; path = SceneDelegate.swift; sourceTree = "<group>"; };
		06CDB231294F8A02005A0EA8 /* Base */ = {isa = PBXFileReference; lastKnownFileType = file.storyboard; name = Base; path = Base.lproj/Main.storyboard; sourceTree = "<group>"; };
		06CDB233294F8A03005A0EA8 /* Assets.xcassets */ = {isa = PBXFileReference; lastKnownFileType = folder.assetcatalog; path = Assets.xcassets; sourceTree = "<group>"; };
		06CDB236294F8A03005A0EA8 /* Base */ = {isa = PBXFileReference; lastKnownFileType = file.storyboard; name = Base; path = Base.lproj/LaunchScreen.storyboard; sourceTree = "<group>"; };
		06CDB238294F8A03005A0EA8 /* Info.plist */ = {isa = PBXFileReference; lastKnownFileType = text.plist.xml; path = Info.plist; sourceTree = "<group>"; };
/* End PBXFileReference section */

/* Begin PBXFrameworksBuildPhase section */
		06CDB224294F8A02005A0EA8 /* Frameworks */ = {
			isa = PBXFrameworksBuildPhase;
			buildActionMask = 2147483647;
			files = (
			);
			runOnlyForDeploymentPostprocessing = 0;
		};
/* End PBXFrameworksBuildPhase section */

/* Begin PBXGroup section */
		0620452A294F9A1500362A9F /* Services */ = {
			isa = PBXGroup;
			children = (
				0620452B294F9A4200362A9F /* DataStore.swift */,
			);
			path = Services;
			sourceTree = "<group>";
		};
		0620452D294F9C9F00362A9F /* Models */ = {
			isa = PBXGroup;
			children = (
				0620452E294F9CB200362A9F /* Person.swift */,
			);
			path = Models;
			sourceTree = "<group>";
		};
		06CDB21E294F8A02005A0EA8 = {
			isa = PBXGroup;
			children = (
				06CDB229294F8A02005A0EA8 /* ContactList */,
				06CDB228294F8A02005A0EA8 /* Products */,
			);
			sourceTree = "<group>";
		};
		06CDB228294F8A02005A0EA8 /* Products */ = {
			isa = PBXGroup;
			children = (
				06CDB227294F8A02005A0EA8 /* ContactList.app */,
			);
			name = Products;
			sourceTree = "<group>";
		};
		06CDB229294F8A02005A0EA8 /* ContactList */ = {
			isa = PBXGroup;
			children = (
				06CDB23E294F8B4A005A0EA8 /* App */,
				0620452A294F9A1500362A9F /* Services */,
				0620452D294F9C9F00362A9F /* Models */,
				06CDB23F294F8B69005A0EA8 /* ViewControllers */,
				06CDB240294F8B84005A0EA8 /* Storyboards */,
				06CDB241294F8B94005A0EA8 /* Resources */,
			);
			path = ContactList;
			sourceTree = "<group>";
		};
		06CDB23E294F8B4A005A0EA8 /* App */ = {
			isa = PBXGroup;
			children = (
				06CDB22A294F8A02005A0EA8 /* AppDelegate.swift */,
				06CDB22C294F8A02005A0EA8 /* SceneDelegate.swift */,
				06CDB238294F8A03005A0EA8 /* Info.plist */,
			);
			path = App;
			sourceTree = "<group>";
		};
		06CDB23F294F8B69005A0EA8 /* ViewControllers */ = {
			isa = PBXGroup;
			children = (
				06204526294F8EF500362A9F /* MainListTableViewController.swift */,
				06204528294F8F0800362A9F /* DetailListTableViewController.swift */,
				06204530294FA68700362A9F /* FullInfoViewController.swift */,
			);
			path = ViewControllers;
			sourceTree = "<group>";
		};
		06CDB240294F8B84005A0EA8 /* Storyboards */ = {
			isa = PBXGroup;
			children = (
				06CDB230294F8A02005A0EA8 /* Main.storyboard */,
				06CDB235294F8A03005A0EA8 /* LaunchScreen.storyboard */,
			);
			path = Storyboards;
			sourceTree = "<group>";
		};
		06CDB241294F8B94005A0EA8 /* Resources */ = {
			isa = PBXGroup;
			children = (
				06CDB233294F8A03005A0EA8 /* Assets.xcassets */,
			);
			path = Resources;
			sourceTree = "<group>";
		};
/* End PBXGroup section */

/* Begin PBXNativeTarget section */
		06CDB226294F8A02005A0EA8 /* ContactList */ = {
			isa = PBXNativeTarget;
			buildConfigurationList = 06CDB23B294F8A03005A0EA8 /* Build configuration list for PBXNativeTarget "ContactList" */;
			buildPhases = (
				06CDB223294F8A02005A0EA8 /* Sources */,
				06CDB224294F8A02005A0EA8 /* Frameworks */,
				06CDB225294F8A02005A0EA8 /* Resources */,
			);
			buildRules = (
			);
			dependencies = (
			);
			name = ContactList;
			productName = ContactList;
			productReference = 06CDB227294F8A02005A0EA8 /* ContactList.app */;
			productType = "com.apple.product-type.application";
		};
/* End PBXNativeTarget section */

/* Begin PBXProject section */
		06CDB21F294F8A02005A0EA8 /* Project object */ = {
			isa = PBXProject;
			attributes = {
				BuildIndependentTargetsInParallel = 1;
				LastSwiftUpdateCheck = 1400;
				LastUpgradeCheck = 1400;
				TargetAttributes = {
					06CDB226294F8A02005A0EA8 = {
						CreatedOnToolsVersion = 14.0.1;
					};
				};
			};
			buildConfigurationList = 06CDB222294F8A02005A0EA8 /* Build configuration list for PBXProject "ContactList" */;
			compatibilityVersion = "Xcode 14.0";
			developmentRegion = en;
			hasScannedForEncodings = 0;
			knownRegions = (
				en,
				Base,
			);
			mainGroup = 06CDB21E294F8A02005A0EA8;
			productRefGroup = 06CDB228294F8A02005A0EA8 /* Products */;
			projectDirPath = "";
			projectRoot = "";
			targets = (
				06CDB226294F8A02005A0EA8 /* ContactList */,
			);
		};
/* End PBXProject section */

/* Begin PBXResourcesBuildPhase section */
		06CDB225294F8A02005A0EA8 /* Resources */ = {
			isa = PBXResourcesBuildPhase;
			buildActionMask = 2147483647;
			files = (
				06CDB237294F8A03005A0EA8 /* LaunchScreen.storyboard in Resources */,
				06CDB234294F8A03005A0EA8 /* Assets.xcassets in Resources */,
				06CDB232294F8A02005A0EA8 /* Main.storyboard in Resources */,
			);
			runOnlyForDeploymentPostprocessing = 0;
		};
/* End PBXResourcesBuildPhase section */

/* Begin PBXSourcesBuildPhase section */
		06CDB223294F8A02005A0EA8 /* Sources */ = {
			isa = PBXSourcesBuildPhase;
			buildActionMask = 2147483647;
			files = (
				06204531294FA68700362A9F /* FullInfoViewController.swift in Sources */,
				0620452F294F9CB200362A9F /* Person.swift in Sources */,
				06204529294F8F0800362A9F /* DetailListTableViewController.swift in Sources */,
				06204527294F8EF500362A9F /* MainListTableViewController.swift in Sources */,
				06CDB22B294F8A02005A0EA8 /* AppDelegate.swift in Sources */,
				0620452C294F9A4200362A9F /* DataStore.swift in Sources */,
				06CDB22D294F8A02005A0EA8 /* SceneDelegate.swift in Sources */,
			);
			runOnlyForDeploymentPostprocessing = 0;
		};
/* End PBXSourcesBuildPhase section */

/* Begin PBXVariantGroup section */
		06CDB230294F8A02005A0EA8 /* Main.storyboard */ = {
			isa = PBXVariantGroup;
			children = (
				06CDB231294F8A02005A0EA8 /* Base */,
			);
			name = Main.storyboard;
			sourceTree = "<group>";
		};
		06CDB235294F8A03005A0EA8 /* LaunchScreen.storyboard */ = {
			isa = PBXVariantGroup;
			children = (
				06CDB236294F8A03005A0EA8 /* Base */,
			);
			name = LaunchScreen.storyboard;
			sourceTree = "<group>";
		};
/* End PBXVariantGroup section */

/* Begin XCBuildConfiguration section */
		06CDB239294F8A03005A0EA8 /* Debug */ = {
			isa = XCBuildConfiguration;
			buildSettings = {
				ALWAYS_SEARCH_USER_PATHS = NO;
				CLANG_ANALYZER_NONNULL = YES;
				CLANG_ANALYZER_NUMBER_OBJECT_CONVERSION = YES_AGGRESSIVE;
				CLANG_CXX_LANGUAGE_STANDARD = "gnu++20";
				CLANG_ENABLE_MODULES = YES;
				CLANG_ENABLE_OBJC_ARC = YES;
				CLANG_ENABLE_OBJC_WEAK = YES;
				CLANG_WARN_BLOCK_CAPTURE_AUTORELEASING = YES;
				CLANG_WARN_BOOL_CONVERSION = YES;
				CLANG_WARN_COMMA = YES;
				CLANG_WARN_CONSTANT_CONVERSION = YES;
				CLANG_WARN_DEPRECATED_OBJC_IMPLEMENTATIONS = YES;
				CLANG_WARN_DIRECT_OBJC_ISA_USAGE = YES_ERROR;
				CLANG_WARN_DOCUMENTATION_COMMENTS = YES;
				CLANG_WARN_EMPTY_BODY = YES;
				CLANG_WARN_ENUM_CONVERSION = YES;
				CLANG_WARN_INFINITE_RECURSION = YES;
				CLANG_WARN_INT_CONVERSION = YES;
				CLANG_WARN_NON_LITERAL_NULL_CONVERSION = YES;
				CLANG_WARN_OBJC_IMPLICIT_RETAIN_SELF = YES;
				CLANG_WARN_OBJC_LITERAL_CONVERSION = YES;
				CLANG_WARN_OBJC_ROOT_CLASS = YES_ERROR;
				CLANG_WARN_QUOTED_INCLUDE_IN_FRAMEWORK_HEADER = YES;
				CLANG_WARN_RANGE_LOOP_ANALYSIS = YES;
				CLANG_WARN_STRICT_PROTOTYPES = YES;
				CLANG_WARN_SUSPICIOUS_MOVE = YES;
				CLANG_WARN_UNGUARDED_AVAILABILITY = YES_AGGRESSIVE;
				CLANG_WARN_UNREACHABLE_CODE = YES;
				CLANG_WARN__DUPLICATE_METHOD_MATCH = YES;
				COPY_PHASE_STRIP = NO;
				DEBUG_INFORMATION_FORMAT = dwarf;
				ENABLE_STRICT_OBJC_MSGSEND = YES;
				ENABLE_TESTABILITY = YES;
				GCC_C_LANGUAGE_STANDARD = gnu11;
				GCC_DYNAMIC_NO_PIC = NO;
				GCC_NO_COMMON_BLOCKS = YES;
				GCC_OPTIMIZATION_LEVEL = 0;
				GCC_PREPROCESSOR_DEFINITIONS = (
					"DEBUG=1",
					"$(inherited)",
				);
				GCC_WARN_64_TO_32_BIT_CONVERSION = YES;
				GCC_WARN_ABOUT_RETURN_TYPE = YES_ERROR;
				GCC_WARN_UNDECLARED_SELECTOR = YES;
				GCC_WARN_UNINITIALIZED_AUTOS = YES_AGGRESSIVE;
				GCC_WARN_UNUSED_FUNCTION = YES;
				GCC_WARN_UNUSED_VARIABLE = YES;
				IPHONEOS_DEPLOYMENT_TARGET = 16.0;
				MTL_ENABLE_DEBUG_INFO = INCLUDE_SOURCE;
				MTL_FAST_MATH = YES;
				ONLY_ACTIVE_ARCH = YES;
				SDKROOT = iphoneos;
				SWIFT_ACTIVE_COMPILATION_CONDITIONS = DEBUG;
				SWIFT_OPTIMIZATION_LEVEL = "-Onone";
			};
			name = Debug;
		};
		06CDB23A294F8A03005A0EA8 /* Release */ = {
			isa = XCBuildConfiguration;
			buildSettings = {
				ALWAYS_SEARCH_USER_PATHS = NO;
				CLANG_ANALYZER_NONNULL = YES;
				CLANG_ANALYZER_NUMBER_OBJECT_CONVERSION = YES_AGGRESSIVE;
				CLANG_CXX_LANGUAGE_STANDARD = "gnu++20";
				CLANG_ENABLE_MODULES = YES;
				CLANG_ENABLE_OBJC_ARC = YES;
				CLANG_ENABLE_OBJC_WEAK = YES;
				CLANG_WARN_BLOCK_CAPTURE_AUTORELEASING = YES;
				CLANG_WARN_BOOL_CONVERSION = YES;
				CLANG_WARN_COMMA = YES;
				CLANG_WARN_CONSTANT_CONVERSION = YES;
				CLANG_WARN_DEPRECATED_OBJC_IMPLEMENTATIONS = YES;
				CLANG_WARN_DIRECT_OBJC_ISA_USAGE = YES_ERROR;
				CLANG_WARN_DOCUMENTATION_COMMENTS = YES;
				CLANG_WARN_EMPTY_BODY = YES;
				CLANG_WARN_ENUM_CONVERSION = YES;
				CLANG_WARN_INFINITE_RECURSION = YES;
				CLANG_WARN_INT_CONVERSION = YES;
				CLANG_WARN_NON_LITERAL_NULL_CONVERSION = YES;
				CLANG_WARN_OBJC_IMPLICIT_RETAIN_SELF = YES;
				CLANG_WARN_OBJC_LITERAL_CONVERSION = YES;
				CLANG_WARN_OBJC_ROOT_CLASS = YES_ERROR;
				CLANG_WARN_QUOTED_INCLUDE_IN_FRAMEWORK_HEADER = YES;
				CLANG_WARN_RANGE_LOOP_ANALYSIS = YES;
				CLANG_WARN_STRICT_PROTOTYPES = YES;
				CLANG_WARN_SUSPICIOUS_MOVE = YES;
				CLANG_WARN_UNGUARDED_AVAILABILITY = YES_AGGRESSIVE;
				CLANG_WARN_UNREACHABLE_CODE = YES;
				CLANG_WARN__DUPLICATE_METHOD_MATCH = YES;
				COPY_PHASE_STRIP = NO;
				DEBUG_INFORMATION_FORMAT = "dwarf-with-dsym";
				ENABLE_NS_ASSERTIONS = NO;
				ENABLE_STRICT_OBJC_MSGSEND = YES;
				GCC_C_LANGUAGE_STANDARD = gnu11;
				GCC_NO_COMMON_BLOCKS = YES;
				GCC_WARN_64_TO_32_BIT_CONVERSION = YES;
				GCC_WARN_ABOUT_RETURN_TYPE = YES_ERROR;
				GCC_WARN_UNDECLARED_SELECTOR = YES;
				GCC_WARN_UNINITIALIZED_AUTOS = YES_AGGRESSIVE;
				GCC_WARN_UNUSED_FUNCTION = YES;
				GCC_WARN_UNUSED_VARIABLE = YES;
				IPHONEOS_DEPLOYMENT_TARGET = 16.0;
				MTL_ENABLE_DEBUG_INFO = NO;
				MTL_FAST_MATH = YES;
				SDKROOT = iphoneos;
				SWIFT_COMPILATION_MODE = wholemodule;
				SWIFT_OPTIMIZATION_LEVEL = "-O";
				VALIDATE_PRODUCT = YES;
			};
			name = Release;
		};
		06CDB23C294F8A03005A0EA8 /* Debug */ = {
			isa = XCBuildConfiguration;
			buildSettings = {
				ASSETCATALOG_COMPILER_APPICON_NAME = AppIcon;
				ASSETCATALOG_COMPILER_GLOBAL_ACCENT_COLOR_NAME = AccentColor;
				CODE_SIGN_STYLE = Automatic;
				CURRENT_PROJECT_VERSION = 1;
				DEVELOPMENT_TEAM = 7W36S89AXJ;
				GENERATE_INFOPLIST_FILE = YES;
				INFOPLIST_FILE = ContactList/App/Info.plist;
				INFOPLIST_KEY_UIApplicationSupportsIndirectInputEvents = YES;
				INFOPLIST_KEY_UILaunchStoryboardName = LaunchScreen;
				INFOPLIST_KEY_UIMainStoryboardFile = Main;
				INFOPLIST_KEY_UISupportedInterfaceOrientations = UIInterfaceOrientationPortrait;
				INFOPLIST_KEY_UISupportedInterfaceOrientations_iPad = "UIInterfaceOrientationLandscapeLeft UIInterfaceOrientationLandscapeRight UIInterfaceOrientationPortrait UIInterfaceOrientationPortraitUpsideDown";
				LD_RUNPATH_SEARCH_PATHS = (
					"$(inherited)",
					"@executable_path/Frameworks",
				);
				MARKETING_VERSION = 1.0;
				PRODUCT_BUNDLE_IDENTIFIER = philipnoskov.ContactList;
				PRODUCT_NAME = "$(TARGET_NAME)";
				SUPPORTED_PLATFORMS = "iphoneos iphonesimulator";
				SUPPORTS_MACCATALYST = NO;
				SUPPORTS_MAC_DESIGNED_FOR_IPHONE_IPAD = NO;
				SWIFT_EMIT_LOC_STRINGS = YES;
				SWIFT_VERSION = 5.0;
				TARGETED_DEVICE_FAMILY = 1;
			};
			name = Debug;
		};
		06CDB23D294F8A03005A0EA8 /* Release */ = {
			isa = XCBuildConfiguration;
			buildSettings = {
				ASSETCATALOG_COMPILER_APPICON_NAME = AppIcon;
				ASSETCATALOG_COMPILER_GLOBAL_ACCENT_COLOR_NAME = AccentColor;
				CODE_SIGN_STYLE = Automatic;
				CURRENT_PROJECT_VERSION = 1;
				DEVELOPMENT_TEAM = 7W36S89AXJ;
				GENERATE_INFOPLIST_FILE = YES;
				INFOPLIST_FILE = ContactList/App/Info.plist;
				INFOPLIST_KEY_UIApplicationSupportsIndirectInputEvents = YES;
				INFOPLIST_KEY_UILaunchStoryboardName = LaunchScreen;
				INFOPLIST_KEY_UIMainStoryboardFile = Main;
				INFOPLIST_KEY_UISupportedInterfaceOrientations = UIInterfaceOrientationPortrait;
				INFOPLIST_KEY_UISupportedInterfaceOrientations_iPad = "UIInterfaceOrientationLandscapeLeft UIInterfaceOrientationLandscapeRight UIInterfaceOrientationPortrait UIInterfaceOrientationPortraitUpsideDown";
				LD_RUNPATH_SEARCH_PATHS = (
					"$(inherited)",
					"@executable_path/Frameworks",
				);
				MARKETING_VERSION = 1.0;
				PRODUCT_BUNDLE_IDENTIFIER = philipnoskov.ContactList;
				PRODUCT_NAME = "$(TARGET_NAME)";
				SUPPORTED_PLATFORMS = "iphoneos iphonesimulator";
				SUPPORTS_MACCATALYST = NO;
				SUPPORTS_MAC_DESIGNED_FOR_IPHONE_IPAD = NO;
				SWIFT_EMIT_LOC_STRINGS = YES;
				SWIFT_VERSION = 5.0;
				TARGETED_DEVICE_FAMILY = 1;
			};
			name = Release;
		};
/* End XCBuildConfiguration section */

/* Begin XCConfigurationList section */
		06CDB222294F8A02005A0EA8 /* Build configuration list for PBXProject "ContactList" */ = {
			isa = XCConfigurationList;
			buildConfigurations = (
				06CDB239294F8A03005A0EA8 /* Debug */,
				06CDB23A294F8A03005A0EA8 /* Release */,
			);
			defaultConfigurationIsVisible = 0;
			defaultConfigurationName = Release;
		};
		06CDB23B294F8A03005A0EA8 /* Build configuration list for PBXNativeTarget "ContactList" */ = {
			isa = XCConfigurationList;
			buildConfigurations = (
				06CDB23C294F8A03005A0EA8 /* Debug */,
				06CDB23D294F8A03005A0EA8 /* Release */,
			);
			defaultConfigurationIsVisible = 0;
			defaultConfigurationName = Release;
		};
/* End XCConfigurationList section */
	};
	rootObject = 06CDB21F294F8A02005A0EA8 /* Project object */;
}
